
Microsoft Visual Studio Solution File, Format Version 12.00
# Visual Studio 15
VisualStudioVersion = 15.0.27703.2035
MinimumVisualStudioVersion = 10.0.40219.1
Project("{9A19103F-16F7-4668-BE54-9A1E7A4F7556}") = "YoCode_XUnit", "Tests\YoCode_XUnit.csproj", "{4CD1AD56-DD80-4323-AFD9-C79220CEA8BD}"
EndProject
Project("{9A19103F-16F7-4668-BE54-9A1E7A4F7556}") = "YoCode", "YoCode\YoCode.csproj", "{7901B379-9C27-4732-908D-54F03DB027D0}"
EndProject
Project("{FAE04EC0-301F-11D3-BF4B-00C04F79EFBC}") = "YoCodeAutomatedTests", "YoCodeAutomatedTests\YoCodeAutomatedTests.csproj", "{FF1B6385-DB36-45F8-992E-F6E25677ACD8}"
EndProject
Global
	GlobalSection(SolutionConfigurationPlatforms) = preSolution
		Debug|Any CPU = Debug|Any CPU
		Release|Any CPU = Release|Any CPU
	EndGlobalSection
	GlobalSection(ProjectConfigurationPlatforms) = postSolution
		{4CD1AD56-DD80-4323-AFD9-C79220CEA8BD}.Debug|Any CPU.ActiveCfg = Debug|Any CPU
		{4CD1AD56-DD80-4323-AFD9-C79220CEA8BD}.Debug|Any CPU.Build.0 = Debug|Any CPU
		{4CD1AD56-DD80-4323-AFD9-C79220CEA8BD}.Release|Any CPU.ActiveCfg = Release|Any CPU
		{4CD1AD56-DD80-4323-AFD9-C79220CEA8BD}.Release|Any CPU.Build.0 = Release|Any CPU
		{7901B379-9C27-4732-908D-54F03DB027D0}.Debug|Any CPU.ActiveCfg = Debug|Any CPU
		{7901B379-9C27-4732-908D-54F03DB027D0}.Debug|Any CPU.Build.0 = Debug|Any CPU
		{7901B379-9C27-4732-908D-54F03DB027D0}.Release|Any CPU.ActiveCfg = Release|Any CPU
		{7901B379-9C27-4732-908D-54F03DB027D0}.Release|Any CPU.Build.0 = Release|Any CPU
		{FF1B6385-DB36-45F8-992E-F6E25677ACD8}.Debug|Any CPU.ActiveCfg = Debug|Any CPU
		{FF1B6385-DB36-45F8-992E-F6E25677ACD8}.Debug|Any CPU.Build.0 = Debug|Any CPU
		{FF1B6385-DB36-45F8-992E-F6E25677ACD8}.Release|Any CPU.ActiveCfg = Release|Any CPU
		{FF1B6385-DB36-45F8-992E-F6E25677ACD8}.Release|Any CPU.Build.0 = Release|Any CPU
	EndGlobalSection
	GlobalSection(SolutionProperties) = preSolution
		HideSolutionNode = FALSE
	EndGlobalSection
	GlobalSection(ExtensibilityGlobals) = postSolution
		SolutionGuid = {A282679B-0A1B-46E7-80EF-F41DD28FEBF8}
	EndGlobalSection
EndGlobal
