
Microsoft Visual Studio Solution File, Format Version 12.00
# Visual Studio 15
VisualStudioVersion = 15.0.27703.2035
MinimumVisualStudioVersion = 10.0.40219.1
Project("{9A19103F-16F7-4668-BE54-9A1E7A4F7556}") = "YoCode", "YoCode\YoCode.csproj", "{CEE256C1-7ED3-4CD4-AF08-7E606B363922}"
EndProject
Global
	GlobalSection(SolutionConfigurationPlatforms) = preSolution
		Debug|Any CPU = Debug|Any CPU
		Release|Any CPU = Release|Any CPU
	EndGlobalSection
	GlobalSection(ProjectConfigurationPlatforms) = postSolution
		{CEE256C1-7ED3-4CD4-AF08-7E606B363922}.Debug|Any CPU.ActiveCfg = Debug|Any CPU
		{CEE256C1-7ED3-4CD4-AF08-7E606B363922}.Debug|Any CPU.Build.0 = Debug|Any CPU
		{CEE256C1-7ED3-4CD4-AF08-7E606B363922}.Release|Any CPU.ActiveCfg = Release|Any CPU
		{CEE256C1-7ED3-4CD4-AF08-7E606B363922}.Release|Any CPU.Build.0 = Release|Any CPU
	EndGlobalSection
	GlobalSection(SolutionProperties) = preSolution
		HideSolutionNode = FALSE
	EndGlobalSection
	GlobalSection(ExtensibilityGlobals) = postSolution
		SolutionGuid = {A282679B-0A1B-46E7-80EF-F41DD28FEBF8}
	EndGlobalSection
EndGlobal
